<?xml version="1.0" encoding="utf-8"?>
<Project ToolsVersion="4.0" xmlns="http://schemas.microsoft.com/developer/msbuild/2003">
  <ItemGroup>
    <Filter Include="Source Files">
      <UniqueIdentifier>{4FC737F1-C7A5-4376-A066-2A32D752A2FF}</UniqueIdentifier>
      <Extensions>cpp;c;cc;cxx;def;odl;idl;hpj;bat;asm;asmx</Extensions>
    </Filter>
    <Filter Include="Header Files">
      <UniqueIdentifier>{93995380-89BD-4b04-88EB-625FBE52EBFB}</UniqueIdentifier>
      <Extensions>h;hpp;hxx;hm;inl;inc;xsd</Extensions>
    </Filter>
    <Filter Include="Resource Files">
      <UniqueIdentifier>{67DA6AB6-F800-4c08-8B7A-83BB121AAD01}</UniqueIdentifier>
      <Extensions>rc;ico;cur;bmp;dlg;rc2;rct;bin;rgs;gif;jpg;jpeg;jpe;resx;tiff;tif;png;wav</Extensions>
    </Filter>
  </ItemGroup>
  <ItemGroup>
    <ClCompile Include="AboutDialog.cpp">
      <Filter>Source Files</Filter>
    </ClCompile>
    <ClCompile Include="EventStatDialog.cpp">
      <Filter>Source Files</Filter>
    </ClCompile>
    <ClCompile Include="FlyCap2_MFC.cpp">
      <Filter>Source Files</Filter>
    </ClCompile>
    <ClCompile Include="FlyCap2_MFCDoc.cpp">
      <Filter>Source Files</Filter>
    </ClCompile>
    <ClCompile Include="FlyCap2_MFCView.cpp">
      <Filter>Source Files</Filter>
    </ClCompile>
    <ClCompile Include="FrameRateCounter.cpp">
      <Filter>Source Files</Filter>
    </ClCompile>
    <ClCompile Include="HistogramDialog.cpp">
      <Filter>Source Files</Filter>
    </ClCompile>
    <ClCompile Include="HistogramDrawingArea.cpp">
      <Filter>Source Files</Filter>
    </ClCompile>
    <ClCompile Include="HistogramPage.cpp">
      <Filter>Source Files</Filter>
    </ClCompile>
    <ClCompile Include="ImageRecordingPage.cpp">
      <Filter>Source Files</Filter>
    </ClCompile>
    <ClCompile Include="InformationPane.cpp">
      <Filter>Source Files</Filter>
    </ClCompile>
    <ClCompile Include="LicenseDialog.cpp">
      <Filter>Source Files</Filter>
    </ClCompile>
    <ClCompile Include="MainFrm.cpp">
      <Filter>Source Files</Filter>
    </ClCompile>
    <ClCompile Include="ReceivedFrameRateCounter.cpp">
      <Filter>Source Files</Filter>
    </ClCompile>
    <ClCompile Include="RecordingDialog.cpp">
      <Filter>Source Files</Filter>
    </ClCompile>
    <ClCompile Include="RowColPlotPage.cpp">
      <Filter>Source Files</Filter>
    </ClCompile>
    <ClCompile Include="stdafx.cpp">
      <Filter>Source Files</Filter>
    </ClCompile>
    <ClCompile Include="TreeCtrlX.cpp">
      <Filter>Source Files</Filter>
    </ClCompile>
    <ClCompile Include="VideoRecordingPage.cpp">
      <Filter>Source Files</Filter>
    </ClCompile>
  </ItemGroup>
  <ItemGroup>
    <ClInclude Include="AboutDialog.h">
      <Filter>Header Files</Filter>
    </ClInclude>
    <ClInclude Include="EventStatDialog.h">
      <Filter>Header Files</Filter>
    </ClInclude>
    <ClInclude Include="FlyCap2_MFC.h">
      <Filter>Header Files</Filter>
    </ClInclude>
    <ClInclude Include="FlyCap2_MFCDoc.h">
      <Filter>Header Files</Filter>
    </ClInclude>
    <ClInclude Include="FlyCap2_MFCView.h">
      <Filter>Header Files</Filter>
    </ClInclude>
    <ClInclude Include="FrameRateCounter.h">
      <Filter>Header Files</Filter>
    </ClInclude>
    <ClInclude Include="glext.h">
      <Filter>Header Files</Filter>
    </ClInclude>
    <ClInclude Include="HelpLauncher.h">
      <Filter>Header Files</Filter>
    </ClInclude>
    <ClInclude Include="HistogramDialog.h">
      <Filter>Header Files</Filter>
    </ClInclude>
    <ClInclude Include="HistogramDrawingArea.h">
      <Filter>Header Files</Filter>
    </ClInclude>
    <ClInclude Include="HistogramPage.h">
      <Filter>Header Files</Filter>
    </ClInclude>
    <ClInclude Include="ImageRecordingPage.h">
      <Filter>Header Files</Filter>
    </ClInclude>
    <ClInclude Include="InformationPane.h">
      <Filter>Header Files</Filter>
    </ClInclude>
    <ClInclude Include="LicenseDialog.h">
      <Filter>Header Files</Filter>
    </ClInclude>
    <ClInclude Include="MainFrm.h">
      <Filter>Header Files</Filter>
    </ClInclude>
    <ClInclude Include="ReceivedFrameRateCounter.h">
      <Filter>Header Files</Filter>
    </ClInclude>
    <ClInclude Include="RecordingDialog.h">
      <Filter>Header Files</Filter>
    </ClInclude>
    <ClInclude Include="Resource.h">
      <Filter>Header Files</Filter>
    </ClInclude>
    <ClInclude Include="RowColPlotPage.h">
      <Filter>Header Files</Filter>
    </ClInclude>
    <ClInclude Include="stdafx.h">
      <Filter>Header Files</Filter>
    </ClInclude>
    <ClInclude Include="TreeCtrlX.h">
      <Filter>Header Files</Filter>
    </ClInclude>
    <ClInclude Include="VideoRecordingPage.h">
      <Filter>Header Files</Filter>
    </ClInclude>
  </ItemGroup>
  <ItemGroup>
    <Image Include="res\about.bmp">
      <Filter>Resource Files</Filter>
    </Image>
    <Image Include="res\BadEventIcon.ico">
      <Filter>Resource Files</Filter>
    </Image>
    <Image Include="res\bitmapEventBad.bmp">
      <Filter>Resource Files</Filter>
    </Image>
    <Image Include="res\bitmapEventOK.bmp">
      <Filter>Resource Files</Filter>
    </Image>
    <Image Include="res\control.bmp">
      <Filter>Resource Files</Filter>
    </Image>
    <Image Include="res\exit.bmp">
      <Filter>Resource Files</Filter>
    </Image>
    <Image Include="res\FlyCap2_MFC.ico">
      <Filter>Resource Files</Filter>
    </Image>
    <Image Include="res\FlyCap2_MFCDoc.ico">
      <Filter>Resource Files</Filter>
    </Image>
    <Image Include="res\FlyCap2MFC.ico">
      <Filter>Resource Files</Filter>
    </Image>
    <Image Include="res\FlyCap2MFCDoc.ico">
      <Filter>Resource Files</Filter>
    </Image>
    <Image Include="res\help.bmp">
      <Filter>Resource Files</Filter>
    </Image>
    <Image Include="res\logo.bmp">
      <Filter>Resource Files</Filter>
    </Image>
    <Image Include="res\saveAs.bmp">
      <Filter>Resource Files</Filter>
    </Image>
    <Image Include="res\Toolbar.bmp">
      <Filter>Resource Files</Filter>
    </Image>
    <Image Include="res\Toolbar_cold.bmp">
      <Filter>Resource Files</Filter>
    </Image>
    <Image Include="res\Toolbar_hot.bmp">
      <Filter>Resource Files</Filter>
    </Image>
  </ItemGroup>
  <ItemGroup>
    <ResourceCompile Include="FlyCap2_MFC.rc">
      <Filter>Resource Files</Filter>
    </ResourceCompile>
  </ItemGroup>
  <ItemGroup>
    <None Include="res\FlyCap2_MFC.rc2">
      <Filter>Resource Files</Filter>
    </None>
    <None Include="res\hand.cur">
      <Filter>Resource Files</Filter>
    </None>
  </ItemGroup>
</Project>